
Microsoft Visual Studio Solution File, Format Version 12.00
# Visual Studio Version 17
VisualStudioVersion = 17.3.32819.101
MinimumVisualStudioVersion = 10.0.40219.1
Project("{FAE04EC0-301F-11D3-BF4B-00C04F79EFBC}") = "26-8-22pss1", "26-8-22pss1\26-8-22pss1.csproj", "{BC62802D-8FD7-43E2-BD22-5C32598F2639}"
EndProject
Global
	GlobalSection(SolutionConfigurationPlatforms) = preSolution
		Debug|Any CPU = Debug|Any CPU
		Release|Any CPU = Release|Any CPU
	EndGlobalSection
	GlobalSection(ProjectConfigurationPlatforms) = postSolution
		{BC62802D-8FD7-43E2-BD22-5C32598F2639}.Debug|Any CPU.ActiveCfg = Debug|Any CPU
		{BC62802D-8FD7-43E2-BD22-5C32598F2639}.Debug|Any CPU.Build.0 = Debug|Any CPU
		{BC62802D-8FD7-43E2-BD22-5C32598F2639}.Release|Any CPU.ActiveCfg = Release|Any CPU
		{BC62802D-8FD7-43E2-BD22-5C32598F2639}.Release|Any CPU.Build.0 = Release|Any CPU
	EndGlobalSection
	GlobalSection(SolutionProperties) = preSolution
		HideSolutionNode = FALSE
	EndGlobalSection
	GlobalSection(ExtensibilityGlobals) = postSolution
		SolutionGuid = {C9635B34-9D2D-4108-BC4A-1DB5155CB67D}
	EndGlobalSection
EndGlobal
